
Microsoft Visual Studio Solution File, Format Version 12.00
# Visual Studio Version 18
VisualStudioVersion = 18.0.11222.15 d18.0
MinimumVisualStudioVersion = 10.0.40219.1
Project("{FAE04EC0-301F-11D3-BF4B-00C04F79EFBC}") = "FarmhandScheduler", "FarmhandScheduler.csproj", "{548D8CEB-FBF0-A333-1832-F8109B04AD69}"
EndProject
Global
	GlobalSection(SolutionConfigurationPlatforms) = preSolution
		Debug|Any CPU = Debug|Any CPU
		Release|Any CPU = Release|Any CPU
	EndGlobalSection
	GlobalSection(ProjectConfigurationPlatforms) = postSolution
		{548D8CEB-FBF0-A333-1832-F8109B04AD69}.Debug|Any CPU.ActiveCfg = Debug|Any CPU
		{548D8CEB-FBF0-A333-1832-F8109B04AD69}.Debug|Any CPU.Build.0 = Debug|Any CPU
		{548D8CEB-FBF0-A333-1832-F8109B04AD69}.Release|Any CPU.ActiveCfg = Release|Any CPU
		{548D8CEB-FBF0-A333-1832-F8109B04AD69}.Release|Any CPU.Build.0 = Release|Any CPU
	EndGlobalSection
	GlobalSection(SolutionProperties) = preSolution
		HideSolutionNode = FALSE
	EndGlobalSection
	GlobalSection(ExtensibilityGlobals) = postSolution
		SolutionGuid = {86B13BB2-B320-42D2-801B-7DA2F42F1D83}
	EndGlobalSection
EndGlobal
