
Microsoft Visual Studio Solution File, Format Version 12.00
# Visual Studio Version 18
VisualStudioVersion = 18.0.11222.15 d18.0
MinimumVisualStudioVersion = 10.0.40219.1
Project("{FAE04EC0-301F-11D3-BF4B-00C04F79EFBC}") = "BetterPanning", "BetterPanning.csproj", "{45933709-0C38-DACA-C2F9-AF41697BDECA}"
EndProject
Global
	GlobalSection(SolutionConfigurationPlatforms) = preSolution
		Debug|Any CPU = Debug|Any CPU
		Release|Any CPU = Release|Any CPU
	EndGlobalSection
	GlobalSection(ProjectConfigurationPlatforms) = postSolution
		{45933709-0C38-DACA-C2F9-AF41697BDECA}.Debug|Any CPU.ActiveCfg = Debug|Any CPU
		{45933709-0C38-DACA-C2F9-AF41697BDECA}.Debug|Any CPU.Build.0 = Debug|Any CPU
		{45933709-0C38-DACA-C2F9-AF41697BDECA}.Release|Any CPU.ActiveCfg = Release|Any CPU
		{45933709-0C38-DACA-C2F9-AF41697BDECA}.Release|Any CPU.Build.0 = Release|Any CPU
	EndGlobalSection
	GlobalSection(SolutionProperties) = preSolution
		HideSolutionNode = FALSE
	EndGlobalSection
	GlobalSection(ExtensibilityGlobals) = postSolution
		SolutionGuid = {E2C0BB7E-C843-4BE1-B72E-281BEA969457}
	EndGlobalSection
EndGlobal
